// !$*UTF8*$!
{
	archiveVersion = 1;
	classes = {
	};
	objectVersion = 50;
	objects = {

/* Begin PBXBuildFile section */
		D32B9F2A215605070074827D /* AppDelegate.swift in Sources */ = {isa = PBXBuildFile; fileRef = D32B9F29215605070074827D /* AppDelegate.swift */; };
		D32B9F2C215605070074827D /* ViewController.swift in Sources */ = {isa = PBXBuildFile; fileRef = D32B9F2B215605070074827D /* ViewController.swift */; };
		D32B9F2F215605070074827D /* Main.storyboard in Resources */ = {isa = PBXBuildFile; fileRef = D32B9F2D215605070074827D /* Main.storyboard */; };
		D32B9F31215605080074827D /* Assets.xcassets in Resources */ = {isa = PBXBuildFile; fileRef = D32B9F30215605080074827D /* Assets.xcassets */; };
		D32B9F34215605080074827D /* LaunchScreen.storyboard in Resources */ = {isa = PBXBuildFile; fileRef = D32B9F32215605080074827D /* LaunchScreen.storyboard */; };
		D32B9F3C215606010074827D /* RoundTextField.swift in Sources */ = {isa = PBXBuildFile; fileRef = D32B9F3B215606010074827D /* RoundTextField.swift */; };
		D32B9F3E215795E80074827D /* Troncamento.swift in Sources */ = {isa = PBXBuildFile; fileRef = D32B9F3D215795E80074827D /* Troncamento.swift */; };
/* End PBXBuildFile section */

/* Begin PBXFileReference section */
		D32B9F26215605070074827D /* Calcolo Unità Concimazione.app */ = {isa = PBXFileReference; explicitFileType = wrapper.application; includeInIndex = 0; path = "Calcolo Unità Concimazione.app"; sourceTree = BUILT_PRODUCTS_DIR; };
		D32B9F29215605070074827D /* AppDelegate.swift */ = {isa = PBXFileReference; lastKnownFileType = sourcecode.swift; path = AppDelegate.swift; sourceTree = "<group>"; };
		D32B9F2B215605070074827D /* ViewController.swift */ = {isa = PBXFileReference; lastKnownFileType = sourcecode.swift; path = ViewController.swift; sourceTree = "<group>"; };
		D32B9F2E215605070074827D /* Base */ = {isa = PBXFileReference; lastKnownFileType = file.storyboard; name = Base; path = Base.lproj/Main.storyboard; sourceTree = "<group>"; };
		D32B9F30215605080074827D /* Assets.xcassets */ = {isa = PBXFileReference; lastKnownFileType = folder.assetcatalog; path = Assets.xcassets; sourceTree = "<group>"; };
		D32B9F33215605080074827D /* Base */ = {isa = PBXFileReference; lastKnownFileType = file.storyboard; name = Base; path = Base.lproj/LaunchScreen.storyboard; sourceTree = "<group>"; };
		D32B9F35215605080074827D /* Info.plist */ = {isa = PBXFileReference; lastKnownFileType = text.plist.xml; path = Info.plist; sourceTree = "<group>"; };
		D32B9F3B215606010074827D /* RoundTextField.swift */ = {isa = PBXFileReference; lastKnownFileType = sourcecode.swift; path = RoundTextField.swift; sourceTree = "<group>"; };
		D32B9F3D215795E80074827D /* Troncamento.swift */ = {isa = PBXFileReference; lastKnownFileType = sourcecode.swift; path = Troncamento.swift; sourceTree = "<group>"; };
/* End PBXFileReference section */

/* Begin PBXFrameworksBuildPhase section */
		D32B9F23215605070074827D /* Frameworks */ = {
			isa = PBXFrameworksBuildPhase;
			buildActionMask = 2147483647;
			files = (
			);
			runOnlyForDeploymentPostprocessing = 0;
		};
/* End PBXFrameworksBuildPhase section */

/* Begin PBXGroup section */
		D32B9F1D215605070074827D = {
			isa = PBXGroup;
			children = (
				D32B9F28215605070074827D /* Calcolo Unità Concimazione */,
				D32B9F27215605070074827D /* Products */,
			);
			sourceTree = "<group>";
		};
		D32B9F27215605070074827D /* Products */ = {
			isa = PBXGroup;
			children = (
				D32B9F26215605070074827D /* Calcolo Unità Concimazione.app */,
			);
			name = Products;
			sourceTree = "<group>";
		};
		D32B9F28215605070074827D /* Calcolo Unità Concimazione */ = {
			isa = PBXGroup;
			children = (
				D32B9F29215605070074827D /* AppDelegate.swift */,
				D32B9F2B215605070074827D /* ViewController.swift */,
				D32B9F2D215605070074827D /* Main.storyboard */,
				D32B9F3B215606010074827D /* RoundTextField.swift */,
				D32B9F3D215795E80074827D /* Troncamento.swift */,
				D32B9F30215605080074827D /* Assets.xcassets */,
				D32B9F32215605080074827D /* LaunchScreen.storyboard */,
				D32B9F35215605080074827D /* Info.plist */,
			);
			path = "Calcolo Unità Concimazione";
			sourceTree = "<group>";
		};
/* End PBXGroup section */

/* Begin PBXNativeTarget section */
		D32B9F25215605070074827D /* Calcolo Unità Concimazione */ = {
			isa = PBXNativeTarget;
			buildConfigurationList = D32B9F38215605080074827D /* Build configuration list for PBXNativeTarget "Calcolo Unità Concimazione" */;
			buildPhases = (
				D32B9F22215605070074827D /* Sources */,
				D32B9F23215605070074827D /* Frameworks */,
				D32B9F24215605070074827D /* Resources */,
			);
			buildRules = (
			);
			dependencies = (
			);
			name = "Calcolo Unità Concimazione";
			productName = "Calcolo Unità Concimazione";
			productReference = D32B9F26215605070074827D /* Calcolo Unità Concimazione.app */;
			productType = "com.apple.product-type.application";
		};
/* End PBXNativeTarget section */

/* Begin PBXProject section */
		D32B9F1E215605070074827D /* Project object */ = {
			isa = PBXProject;
			attributes = {
				LastSwiftUpdateCheck = 1000;
				LastUpgradeCheck = 1000;
				ORGANIZATIONNAME = Alberto;
				TargetAttributes = {
					D32B9F25215605070074827D = {
						CreatedOnToolsVersion = 10.0;
					};
				};
			};
			buildConfigurationList = D32B9F21215605070074827D /* Build configuration list for PBXProject "Calcolo Unità Concimazione" */;
			compatibilityVersion = "Xcode 9.3";
			developmentRegion = en;
			hasScannedForEncodings = 0;
			knownRegions = (
				en,
				Base,
			);
			mainGroup = D32B9F1D215605070074827D;
			productRefGroup = D32B9F27215605070074827D /* Products */;
			projectDirPath = "";
			projectRoot = "";
			targets = (
				D32B9F25215605070074827D /* Calcolo Unità Concimazione */,
			);
		};
/* End PBXProject section */

/* Begin PBXResourcesBuildPhase section */
		D32B9F24215605070074827D /* Resources */ = {
			isa = PBXResourcesBuildPhase;
			buildActionMask = 2147483647;
			files = (
				D32B9F34215605080074827D /* LaunchScreen.storyboard in Resources */,
				D32B9F31215605080074827D /* Assets.xcassets in Resources */,
				D32B9F2F215605070074827D /* Main.storyboard in Resources */,
			);
			runOnlyForDeploymentPostprocessing = 0;
		};
/* End PBXResourcesBuildPhase section */

/* Begin PBXSourcesBuildPhase section */
		D32B9F22215605070074827D /* Sources */ = {
			isa = PBXSourcesBuildPhase;
			buildActionMask = 2147483647;
			files = (
				D32B9F2C215605070074827D /* ViewController.swift in Sources */,
				D32B9F3C215606010074827D /* RoundTextField.swift in Sources */,
				D32B9F3E215795E80074827D /* Troncamento.swift in Sources */,
				D32B9F2A215605070074827D /* AppDelegate.swift in Sources */,
			);
			runOnlyForDeploymentPostprocessing = 0;
		};
/* End PBXSourcesBuildPhase section */

/* Begin PBXVariantGroup section */
		D32B9F2D215605070074827D /* Main.storyboard */ = {
			isa = PBXVariantGroup;
			children = (
				D32B9F2E215605070074827D /* Base */,
			);
			name = Main.storyboard;
			sourceTree = "<group>";
		};
		D32B9F32215605080074827D /* LaunchScreen.storyboard */ = {
			isa = PBXVariantGroup;
			children = (
				D32B9F33215605080074827D /* Base */,
			);
			name = LaunchScreen.storyboard;
			sourceTree = "<group>";
		};
/* End PBXVariantGroup section */

/* Begin XCBuildConfiguration section */
		D32B9F36215605080074827D /* Debug */ = {
			isa = XCBuildConfiguration;
			buildSettings = {
				ALWAYS_SEARCH_USER_PATHS = NO;
				CLANG_ANALYZER_NONNULL = YES;
				CLANG_ANALYZER_NUMBER_OBJECT_CONVERSION = YES_AGGRESSIVE;
				CLANG_CXX_LANGUAGE_STANDARD = "gnu++14";
				CLANG_CXX_LIBRARY = "libc++";
				CLANG_ENABLE_MODULES = YES;
				CLANG_ENABLE_OBJC_ARC = YES;
				CLANG_ENABLE_OBJC_WEAK = YES;
				CLANG_WARN_BLOCK_CAPTURE_AUTORELEASING = YES;
				CLANG_WARN_BOOL_CONVERSION = YES;
				CLANG_WARN_COMMA = YES;
				CLANG_WARN_CONSTANT_CONVERSION = YES;
				CLANG_WARN_DEPRECATED_OBJC_IMPLEMENTATIONS = YES;
				CLANG_WARN_DIRECT_OBJC_ISA_USAGE = YES_ERROR;
				CLANG_WARN_DOCUMENTATION_COMMENTS = YES;
				CLANG_WARN_EMPTY_BODY = YES;
				CLANG_WARN_ENUM_CONVERSION = YES;
				CLANG_WARN_INFINITE_RECURSION = YES;
				CLANG_WARN_INT_CONVERSION = YES;
				CLANG_WARN_NON_LITERAL_NULL_CONVERSION = YES;
				CLANG_WARN_OBJC_IMPLICIT_RETAIN_SELF = YES;
				CLANG_WARN_OBJC_LITERAL_CONVERSION = YES;
				CLANG_WARN_OBJC_ROOT_CLASS = YES_ERROR;
				CLANG_WARN_RANGE_LOOP_ANALYSIS = YES;
				CLANG_WARN_STRICT_PROTOTYPES = YES;
				CLANG_WARN_SUSPICIOUS_MOVE = YES;
				CLANG_WARN_UNGUARDED_AVAILABILITY = YES_AGGRESSIVE;
				CLANG_WARN_UNREACHABLE_CODE = YES;
				CLANG_WARN__DUPLICATE_METHOD_MATCH = YES;
				CODE_SIGN_IDENTITY = "iPhone Developer";
				COPY_PHASE_STRIP = NO;
				DEBUG_INFORMATION_FORMAT = dwarf;
				ENABLE_STRICT_OBJC_MSGSEND = YES;
				ENABLE_TESTABILITY = YES;
				GCC_C_LANGUAGE_STANDARD = gnu11;
				GCC_DYNAMIC_NO_PIC = NO;
				GCC_NO_COMMON_BLOCKS = YES;
				GCC_OPTIMIZATION_LEVEL = 0;
				GCC_PREPROCESSOR_DEFINITIONS = (
					"DEBUG=1",
					"$(inherited)",
				);
				GCC_WARN_64_TO_32_BIT_CONVERSION = YES;
				GCC_WARN_ABOUT_RETURN_TYPE = YES_ERROR;
				GCC_WARN_UNDECLARED_SELECTOR = YES;
				GCC_WARN_UNINITIALIZED_AUTOS = YES_AGGRESSIVE;
				GCC_WARN_UNUSED_FUNCTION = YES;
				GCC_WARN_UNUSED_VARIABLE = YES;
				IPHONEOS_DEPLOYMENT_TARGET = 12.0;
				MTL_ENABLE_DEBUG_INFO = INCLUDE_SOURCE;
				MTL_FAST_MATH = YES;
				ONLY_ACTIVE_ARCH = YES;
				SDKROOT = iphoneos;
				SWIFT_ACTIVE_COMPILATION_CONDITIONS = DEBUG;
				SWIFT_OPTIMIZATION_LEVEL = "-Onone";
			};
			name = Debug;
		};
		D32B9F37215605080074827D /* Release */ = {
			isa = XCBuildConfiguration;
			buildSettings = {
				ALWAYS_SEARCH_USER_PATHS = NO;
				CLANG_ANALYZER_NONNULL = YES;
				CLANG_ANALYZER_NUMBER_OBJECT_CONVERSION = YES_AGGRESSIVE;
				CLANG_CXX_LANGUAGE_STANDARD = "gnu++14";
				CLANG_CXX_LIBRARY = "libc++";
				CLANG_ENABLE_MODULES = YES;
				CLANG_ENABLE_OBJC_ARC = YES;
				CLANG_ENABLE_OBJC_WEAK = YES;
				CLANG_WARN_BLOCK_CAPTURE_AUTORELEASING = YES;
				CLANG_WARN_BOOL_CONVERSION = YES;
				CLANG_WARN_COMMA = YES;
				CLANG_WARN_CONSTANT_CONVERSION = YES;
				CLANG_WARN_DEPRECATED_OBJC_IMPLEMENTATIONS = YES;
				CLANG_WARN_DIRECT_OBJC_ISA_USAGE = YES_ERROR;
				CLANG_WARN_DOCUMENTATION_COMMENTS = YES;
				CLANG_WARN_EMPTY_BODY = YES;
				CLANG_WARN_ENUM_CONVERSION = YES;
				CLANG_WARN_INFINITE_RECURSION = YES;
				CLANG_WARN_INT_CONVERSION = YES;
				CLANG_WARN_NON_LITERAL_NULL_CONVERSION = YES;
				CLANG_WARN_OBJC_IMPLICIT_RETAIN_SELF = YES;
				CLANG_WARN_OBJC_LITERAL_CONVERSION = YES;
				CLANG_WARN_OBJC_ROOT_CLASS = YES_ERROR;
				CLANG_WARN_RANGE_LOOP_ANALYSIS = YES;
				CLANG_WARN_STRICT_PROTOTYPES = YES;
				CLANG_WARN_SUSPICIOUS_MOVE = YES;
				CLANG_WARN_UNGUARDED_AVAILABILITY = YES_AGGRESSIVE;
				CLANG_WARN_UNREACHABLE_CODE = YES;
				CLANG_WARN__DUPLICATE_METHOD_MATCH = YES;
				CODE_SIGN_IDENTITY = "iPhone Developer";
				COPY_PHASE_STRIP = NO;
				DEBUG_INFORMATION_FORMAT = "dwarf-with-dsym";
				ENABLE_NS_ASSERTIONS = NO;
				ENABLE_STRICT_OBJC_MSGSEND = YES;
				GCC_C_LANGUAGE_STANDARD = gnu11;
				GCC_NO_COMMON_BLOCKS = YES;
				GCC_WARN_64_TO_32_BIT_CONVERSION = YES;
				GCC_WARN_ABOUT_RETURN_TYPE = YES_ERROR;
				GCC_WARN_UNDECLARED_SELECTOR = YES;
				GCC_WARN_UNINITIALIZED_AUTOS = YES_AGGRESSIVE;
				GCC_WARN_UNUSED_FUNCTION = YES;
				GCC_WARN_UNUSED_VARIABLE = YES;
				IPHONEOS_DEPLOYMENT_TARGET = 12.0;
				MTL_ENABLE_DEBUG_INFO = NO;
				MTL_FAST_MATH = YES;
				SDKROOT = iphoneos;
				SWIFT_COMPILATION_MODE = wholemodule;
				SWIFT_OPTIMIZATION_LEVEL = "-O";
				VALIDATE_PRODUCT = YES;
			};
			name = Release;
		};
		D32B9F39215605080074827D /* Debug */ = {
			isa = XCBuildConfiguration;
			buildSettings = {
				ASSETCATALOG_COMPILER_APPICON_NAME = AppIcon;
				CODE_SIGN_STYLE = Automatic;
				DEVELOPMENT_TEAM = FWDSDKN998;
				INFOPLIST_FILE = "Calcolo Unità Concimazione/Info.plist";
				IPHONEOS_DEPLOYMENT_TARGET = 10.0;
				LD_RUNPATH_SEARCH_PATHS = (
					"$(inherited)",
					"@executable_path/Frameworks",
				);
				PRODUCT_BUNDLE_IDENTIFIER = "Alberto-Giambone.Unita--Concimazione";
				PRODUCT_NAME = "$(TARGET_NAME)";
				SWIFT_VERSION = 4.2;
				TARGETED_DEVICE_FAMILY = 1;
			};
			name = Debug;
		};
		D32B9F3A215605080074827D /* Release */ = {
			isa = XCBuildConfiguration;
			buildSettings = {
				ASSETCATALOG_COMPILER_APPICON_NAME = AppIcon;
				CODE_SIGN_STYLE = Automatic;
				DEVELOPMENT_TEAM = FWDSDKN998;
				INFOPLIST_FILE = "Calcolo Unità Concimazione/Info.plist";
				IPHONEOS_DEPLOYMENT_TARGET = 10.0;
				LD_RUNPATH_SEARCH_PATHS = (
					"$(inherited)",
					"@executable_path/Frameworks",
				);
				PRODUCT_BUNDLE_IDENTIFIER = "Alberto-Giambone.Unita--Concimazione";
				PRODUCT_NAME = "$(TARGET_NAME)";
				SWIFT_VERSION = 4.2;
				TARGETED_DEVICE_FAMILY = 1;
			};
			name = Release;
		};
/* End XCBuildConfiguration section */

/* Begin XCConfigurationList section */
		D32B9F21215605070074827D /* Build configuration list for PBXProject "Calcolo Unità Concimazione" */ = {
			isa = XCConfigurationList;
			buildConfigurations = (
				D32B9F36215605080074827D /* Debug */,
				D32B9F37215605080074827D /* Release */,
			);
			defaultConfigurationIsVisible = 0;
			defaultConfigurationName = Release;
		};
		D32B9F38215605080074827D /* Build configuration list for PBXNativeTarget "Calcolo Unità Concimazione" */ = {
			isa = XCConfigurationList;
			buildConfigurations = (
				D32B9F39215605080074827D /* Debug */,
				D32B9F3A215605080074827D /* Release */,
			);
			defaultConfigurationIsVisible = 0;
			defaultConfigurationName = Release;
		};
/* End XCConfigurationList section */
	};
	rootObject = D32B9F1E215605070074827D /* Project object */;
}
